// !$*UTF8*$!
{
	archiveVersion = 1;
	classes = {
	};
	objectVersion = 55;
	objects = {

/* Begin PBXBuildFile section */
		DA6587B7288D1DF600CEC85C /* AppDelegate.swift in Sources */ = {isa = PBXBuildFile; fileRef = DA6587B6288D1DF600CEC85C /* AppDelegate.swift */; };
		DA6587B9288D1DF600CEC85C /* SceneDelegate.swift in Sources */ = {isa = PBXBuildFile; fileRef = DA6587B8288D1DF600CEC85C /* SceneDelegate.swift */; };
		DA6587BB288D1DF600CEC85C /* ViewController.swift in Sources */ = {isa = PBXBuildFile; fileRef = DA6587BA288D1DF600CEC85C /* ViewController.swift */; };
		DA6587BE288D1DF600CEC85C /* Main.storyboard in Resources */ = {isa = PBXBuildFile; fileRef = DA6587BC288D1DF600CEC85C /* Main.storyboard */; };
		DA6587C0288D1DF700CEC85C /* Assets.xcassets in Resources */ = {isa = PBXBuildFile; fileRef = DA6587BF288D1DF700CEC85C /* Assets.xcassets */; };
		DA6587C3288D1DF700CEC85C /* LaunchScreen.storyboard in Resources */ = {isa = PBXBuildFile; fileRef = DA6587C1288D1DF700CEC85C /* LaunchScreen.storyboard */; };
		DA6587CE288D1DF700CEC85C /* PhotosCollectionTests.swift in Sources */ = {isa = PBXBuildFile; fileRef = DA6587CD288D1DF700CEC85C /* PhotosCollectionTests.swift */; };
		DA6587D8288D1DF700CEC85C /* PhotosCollectionUITests.swift in Sources */ = {isa = PBXBuildFile; fileRef = DA6587D7288D1DF700CEC85C /* PhotosCollectionUITests.swift */; };
		DA6587DA288D1DF700CEC85C /* PhotosCollectionUITestsLaunchTests.swift in Sources */ = {isa = PBXBuildFile; fileRef = DA6587D9288D1DF700CEC85C /* PhotosCollectionUITestsLaunchTests.swift */; };
/* End PBXBuildFile section */

/* Begin PBXContainerItemProxy section */
		DA6587CA288D1DF700CEC85C /* PBXContainerItemProxy */ = {
			isa = PBXContainerItemProxy;
			containerPortal = DA6587AB288D1DF600CEC85C /* Project object */;
			proxyType = 1;
			remoteGlobalIDString = DA6587B2288D1DF600CEC85C;
			remoteInfo = PhotosCollection;
		};
		DA6587D4288D1DF700CEC85C /* PBXContainerItemProxy */ = {
			isa = PBXContainerItemProxy;
			containerPortal = DA6587AB288D1DF600CEC85C /* Project object */;
			proxyType = 1;
			remoteGlobalIDString = DA6587B2288D1DF600CEC85C;
			remoteInfo = PhotosCollection;
		};
/* End PBXContainerItemProxy section */

/* Begin PBXFileReference section */
		DA6587B3288D1DF600CEC85C /* PhotosCollection.app */ = {isa = PBXFileReference; explicitFileType = wrapper.application; includeInIndex = 0; path = PhotosCollection.app; sourceTree = BUILT_PRODUCTS_DIR; };
		DA6587B6288D1DF600CEC85C /* AppDelegate.swift */ = {isa = PBXFileReference; lastKnownFileType = sourcecode.swift; path = AppDelegate.swift; sourceTree = "<group>"; };
		DA6587B8288D1DF600CEC85C /* SceneDelegate.swift */ = {isa = PBXFileReference; lastKnownFileType = sourcecode.swift; path = SceneDelegate.swift; sourceTree = "<group>"; };
		DA6587BA288D1DF600CEC85C /* ViewController.swift */ = {isa = PBXFileReference; lastKnownFileType = sourcecode.swift; path = ViewController.swift; sourceTree = "<group>"; };
		DA6587BD288D1DF600CEC85C /* Base */ = {isa = PBXFileReference; lastKnownFileType = file.storyboard; name = Base; path = Base.lproj/Main.storyboard; sourceTree = "<group>"; };
		DA6587BF288D1DF700CEC85C /* Assets.xcassets */ = {isa = PBXFileReference; lastKnownFileType = folder.assetcatalog; path = Assets.xcassets; sourceTree = "<group>"; };
		DA6587C2288D1DF700CEC85C /* Base */ = {isa = PBXFileReference; lastKnownFileType = file.storyboard; name = Base; path = Base.lproj/LaunchScreen.storyboard; sourceTree = "<group>"; };
		DA6587C4288D1DF700CEC85C /* Info.plist */ = {isa = PBXFileReference; lastKnownFileType = text.plist.xml; path = Info.plist; sourceTree = "<group>"; };
		DA6587C9288D1DF700CEC85C /* PhotosCollectionTests.xctest */ = {isa = PBXFileReference; explicitFileType = wrapper.cfbundle; includeInIndex = 0; path = PhotosCollectionTests.xctest; sourceTree = BUILT_PRODUCTS_DIR; };
		DA6587CD288D1DF700CEC85C /* PhotosCollectionTests.swift */ = {isa = PBXFileReference; lastKnownFileType = sourcecode.swift; path = PhotosCollectionTests.swift; sourceTree = "<group>"; };
		DA6587D3288D1DF700CEC85C /* PhotosCollectionUITests.xctest */ = {isa = PBXFileReference; explicitFileType = wrapper.cfbundle; includeInIndex = 0; path = PhotosCollectionUITests.xctest; sourceTree = BUILT_PRODUCTS_DIR; };
		DA6587D7288D1DF700CEC85C /* PhotosCollectionUITests.swift */ = {isa = PBXFileReference; lastKnownFileType = sourcecode.swift; path = PhotosCollectionUITests.swift; sourceTree = "<group>"; };
		DA6587D9288D1DF700CEC85C /* PhotosCollectionUITestsLaunchTests.swift */ = {isa = PBXFileReference; lastKnownFileType = sourcecode.swift; path = PhotosCollectionUITestsLaunchTests.swift; sourceTree = "<group>"; };
/* End PBXFileReference section */

/* Begin PBXFrameworksBuildPhase section */
		DA6587B0288D1DF600CEC85C /* Frameworks */ = {
			isa = PBXFrameworksBuildPhase;
			buildActionMask = 2147483647;
			files = (
			);
			runOnlyForDeploymentPostprocessing = 0;
		};
		DA6587C6288D1DF700CEC85C /* Frameworks */ = {
			isa = PBXFrameworksBuildPhase;
			buildActionMask = 2147483647;
			files = (
			);
			runOnlyForDeploymentPostprocessing = 0;
		};
		DA6587D0288D1DF700CEC85C /* Frameworks */ = {
			isa = PBXFrameworksBuildPhase;
			buildActionMask = 2147483647;
			files = (
			);
			runOnlyForDeploymentPostprocessing = 0;
		};
/* End PBXFrameworksBuildPhase section */

/* Begin PBXGroup section */
		DA6587AA288D1DF600CEC85C = {
			isa = PBXGroup;
			children = (
				DA6587B5288D1DF600CEC85C /* PhotosCollection */,
				DA6587CC288D1DF700CEC85C /* PhotosCollectionTests */,
				DA6587D6288D1DF700CEC85C /* PhotosCollectionUITests */,
				DA6587B4288D1DF600CEC85C /* Products */,
			);
			sourceTree = "<group>";
		};
		DA6587B4288D1DF600CEC85C /* Products */ = {
			isa = PBXGroup;
			children = (
				DA6587B3288D1DF600CEC85C /* PhotosCollection.app */,
				DA6587C9288D1DF700CEC85C /* PhotosCollectionTests.xctest */,
				DA6587D3288D1DF700CEC85C /* PhotosCollectionUITests.xctest */,
			);
			name = Products;
			sourceTree = "<group>";
		};
		DA6587B5288D1DF600CEC85C /* PhotosCollection */ = {
			isa = PBXGroup;
			children = (
				DA6587B6288D1DF600CEC85C /* AppDelegate.swift */,
				DA6587B8288D1DF600CEC85C /* SceneDelegate.swift */,
				DA6587BA288D1DF600CEC85C /* ViewController.swift */,
				DA6587BC288D1DF600CEC85C /* Main.storyboard */,
				DA6587BF288D1DF700CEC85C /* Assets.xcassets */,
				DA6587C1288D1DF700CEC85C /* LaunchScreen.storyboard */,
				DA6587C4288D1DF700CEC85C /* Info.plist */,
			);
			path = PhotosCollection;
			sourceTree = "<group>";
		};
		DA6587CC288D1DF700CEC85C /* PhotosCollectionTests */ = {
			isa = PBXGroup;
			children = (
				DA6587CD288D1DF700CEC85C /* PhotosCollectionTests.swift */,
			);
			path = PhotosCollectionTests;
			sourceTree = "<group>";
		};
		DA6587D6288D1DF700CEC85C /* PhotosCollectionUITests */ = {
			isa = PBXGroup;
			children = (
				DA6587D7288D1DF700CEC85C /* PhotosCollectionUITests.swift */,
				DA6587D9288D1DF700CEC85C /* PhotosCollectionUITestsLaunchTests.swift */,
			);
			path = PhotosCollectionUITests;
			sourceTree = "<group>";
		};
/* End PBXGroup section */

/* Begin PBXNativeTarget section */
		DA6587B2288D1DF600CEC85C /* PhotosCollection */ = {
			isa = PBXNativeTarget;
			buildConfigurationList = DA6587DD288D1DF700CEC85C /* Build configuration list for PBXNativeTarget "PhotosCollection" */;
			buildPhases = (
				DA6587AF288D1DF600CEC85C /* Sources */,
				DA6587B0288D1DF600CEC85C /* Frameworks */,
				DA6587B1288D1DF600CEC85C /* Resources */,
			);
			buildRules = (
			);
			dependencies = (
			);
			name = PhotosCollection;
			productName = PhotosCollection;
			productReference = DA6587B3288D1DF600CEC85C /* PhotosCollection.app */;
			productType = "com.apple.product-type.application";
		};
		DA6587C8288D1DF700CEC85C /* PhotosCollectionTests */ = {
			isa = PBXNativeTarget;
			buildConfigurationList = DA6587E0288D1DF700CEC85C /* Build configuration list for PBXNativeTarget "PhotosCollectionTests" */;
			buildPhases = (
				DA6587C5288D1DF700CEC85C /* Sources */,
				DA6587C6288D1DF700CEC85C /* Frameworks */,
				DA6587C7288D1DF700CEC85C /* Resources */,
			);
			buildRules = (
			);
			dependencies = (
				DA6587CB288D1DF700CEC85C /* PBXTargetDependency */,
			);
			name = PhotosCollectionTests;
			productName = PhotosCollectionTests;
			productReference = DA6587C9288D1DF700CEC85C /* PhotosCollectionTests.xctest */;
			productType = "com.apple.product-type.bundle.unit-test";
		};
		DA6587D2288D1DF700CEC85C /* PhotosCollectionUITests */ = {
			isa = PBXNativeTarget;
			buildConfigurationList = DA6587E3288D1DF700CEC85C /* Build configuration list for PBXNativeTarget "PhotosCollectionUITests" */;
			buildPhases = (
				DA6587CF288D1DF700CEC85C /* Sources */,
				DA6587D0288D1DF700CEC85C /* Frameworks */,
				DA6587D1288D1DF700CEC85C /* Resources */,
			);
			buildRules = (
			);
			dependencies = (
				DA6587D5288D1DF700CEC85C /* PBXTargetDependency */,
			);
			name = PhotosCollectionUITests;
			productName = PhotosCollectionUITests;
			productReference = DA6587D3288D1DF700CEC85C /* PhotosCollectionUITests.xctest */;
			productType = "com.apple.product-type.bundle.ui-testing";
		};
/* End PBXNativeTarget section */

/* Begin PBXProject section */
		DA6587AB288D1DF600CEC85C /* Project object */ = {
			isa = PBXProject;
			attributes = {
				BuildIndependentTargetsInParallel = 1;
				LastSwiftUpdateCheck = 1340;
				LastUpgradeCheck = 1340;
				TargetAttributes = {
					DA6587B2288D1DF600CEC85C = {
						CreatedOnToolsVersion = 13.4;
					};
					DA6587C8288D1DF700CEC85C = {
						CreatedOnToolsVersion = 13.4;
						TestTargetID = DA6587B2288D1DF600CEC85C;
					};
					DA6587D2288D1DF700CEC85C = {
						CreatedOnToolsVersion = 13.4;
						TestTargetID = DA6587B2288D1DF600CEC85C;
					};
				};
			};
			buildConfigurationList = DA6587AE288D1DF600CEC85C /* Build configuration list for PBXProject "PhotosCollection" */;
			compatibilityVersion = "Xcode 13.0";
			developmentRegion = en;
			hasScannedForEncodings = 0;
			knownRegions = (
				en,
				Base,
			);
			mainGroup = DA6587AA288D1DF600CEC85C;
			productRefGroup = DA6587B4288D1DF600CEC85C /* Products */;
			projectDirPath = "";
			projectRoot = "";
			targets = (
				DA6587B2288D1DF600CEC85C /* PhotosCollection */,
				DA6587C8288D1DF700CEC85C /* PhotosCollectionTests */,
				DA6587D2288D1DF700CEC85C /* PhotosCollectionUITests */,
			);
		};
/* End PBXProject section */

/* Begin PBXResourcesBuildPhase section */
		DA6587B1288D1DF600CEC85C /* Resources */ = {
			isa = PBXResourcesBuildPhase;
			buildActionMask = 2147483647;
			files = (
				DA6587C3288D1DF700CEC85C /* LaunchScreen.storyboard in Resources */,
				DA6587C0288D1DF700CEC85C /* Assets.xcassets in Resources */,
				DA6587BE288D1DF600CEC85C /* Main.storyboard in Resources */,
			);
			runOnlyForDeploymentPostprocessing = 0;
		};
		DA6587C7288D1DF700CEC85C /* Resources */ = {
			isa = PBXResourcesBuildPhase;
			buildActionMask = 2147483647;
			files = (
			);
			runOnlyForDeploymentPostprocessing = 0;
		};
		DA6587D1288D1DF700CEC85C /* Resources */ = {
			isa = PBXResourcesBuildPhase;
			buildActionMask = 2147483647;
			files = (
			);
			runOnlyForDeploymentPostprocessing = 0;
		};
/* End PBXResourcesBuildPhase section */

/* Begin PBXSourcesBuildPhase section */
		DA6587AF288D1DF600CEC85C /* Sources */ = {
			isa = PBXSourcesBuildPhase;
			buildActionMask = 2147483647;
			files = (
				DA6587BB288D1DF600CEC85C /* ViewController.swift in Sources */,
				DA6587B7288D1DF600CEC85C /* AppDelegate.swift in Sources */,
				DA6587B9288D1DF600CEC85C /* SceneDelegate.swift in Sources */,
			);
			runOnlyForDeploymentPostprocessing = 0;
		};
		DA6587C5288D1DF700CEC85C /* Sources */ = {
			isa = PBXSourcesBuildPhase;
			buildActionMask = 2147483647;
			files = (
				DA6587CE288D1DF700CEC85C /* PhotosCollectionTests.swift in Sources */,
			);
			runOnlyForDeploymentPostprocessing = 0;
		};
		DA6587CF288D1DF700CEC85C /* Sources */ = {
			isa = PBXSourcesBuildPhase;
			buildActionMask = 2147483647;
			files = (
				DA6587D8288D1DF700CEC85C /* PhotosCollectionUITests.swift in Sources */,
				DA6587DA288D1DF700CEC85C /* PhotosCollectionUITestsLaunchTests.swift in Sources */,
			);
			runOnlyForDeploymentPostprocessing = 0;
		};
/* End PBXSourcesBuildPhase section */

/* Begin PBXTargetDependency section */
		DA6587CB288D1DF700CEC85C /* PBXTargetDependency */ = {
			isa = PBXTargetDependency;
			target = DA6587B2288D1DF600CEC85C /* PhotosCollection */;
			targetProxy = DA6587CA288D1DF700CEC85C /* PBXContainerItemProxy */;
		};
		DA6587D5288D1DF700CEC85C /* PBXTargetDependency */ = {
			isa = PBXTargetDependency;
			target = DA6587B2288D1DF600CEC85C /* PhotosCollection */;
			targetProxy = DA6587D4288D1DF700CEC85C /* PBXContainerItemProxy */;
		};
/* End PBXTargetDependency section */

/* Begin PBXVariantGroup section */
		DA6587BC288D1DF600CEC85C /* Main.storyboard */ = {
			isa = PBXVariantGroup;
			children = (
				DA6587BD288D1DF600CEC85C /* Base */,
			);
			name = Main.storyboard;
			sourceTree = "<group>";
		};
		DA6587C1288D1DF700CEC85C /* LaunchScreen.storyboard */ = {
			isa = PBXVariantGroup;
			children = (
				DA6587C2288D1DF700CEC85C /* Base */,
			);
			name = LaunchScreen.storyboard;
			sourceTree = "<group>";
		};
/* End PBXVariantGroup section */

/* Begin XCBuildConfiguration section */
		DA6587DB288D1DF700CEC85C /* Debug */ = {
			isa = XCBuildConfiguration;
			buildSettings = {
				ALWAYS_SEARCH_USER_PATHS = NO;
				CLANG_ANALYZER_NONNULL = YES;
				CLANG_ANALYZER_NUMBER_OBJECT_CONVERSION = YES_AGGRESSIVE;
				CLANG_CXX_LANGUAGE_STANDARD = "gnu++17";
				CLANG_ENABLE_MODULES = YES;
				CLANG_ENABLE_OBJC_ARC = YES;
				CLANG_ENABLE_OBJC_WEAK = YES;
				CLANG_WARN_BLOCK_CAPTURE_AUTORELEASING = YES;
				CLANG_WARN_BOOL_CONVERSION = YES;
				CLANG_WARN_COMMA = YES;
				CLANG_WARN_CONSTANT_CONVERSION = YES;
				CLANG_WARN_DEPRECATED_OBJC_IMPLEMENTATIONS = YES;
				CLANG_WARN_DIRECT_OBJC_ISA_USAGE = YES_ERROR;
				CLANG_WARN_DOCUMENTATION_COMMENTS = YES;
				CLANG_WARN_EMPTY_BODY = YES;
				CLANG_WARN_ENUM_CONVERSION = YES;
				CLANG_WARN_INFINITE_RECURSION = YES;
				CLANG_WARN_INT_CONVERSION = YES;
				CLANG_WARN_NON_LITERAL_NULL_CONVERSION = YES;
				CLANG_WARN_OBJC_IMPLICIT_RETAIN_SELF = YES;
				CLANG_WARN_OBJC_LITERAL_CONVERSION = YES;
				CLANG_WARN_OBJC_ROOT_CLASS = YES_ERROR;
				CLANG_WARN_QUOTED_INCLUDE_IN_FRAMEWORK_HEADER = YES;
				CLANG_WARN_RANGE_LOOP_ANALYSIS = YES;
				CLANG_WARN_STRICT_PROTOTYPES = YES;
				CLANG_WARN_SUSPICIOUS_MOVE = YES;
				CLANG_WARN_UNGUARDED_AVAILABILITY = YES_AGGRESSIVE;
				CLANG_WARN_UNREACHABLE_CODE = YES;
				CLANG_WARN__DUPLICATE_METHOD_MATCH = YES;
				COPY_PHASE_STRIP = NO;
				DEBUG_INFORMATION_FORMAT = dwarf;
				ENABLE_STRICT_OBJC_MSGSEND = YES;
				ENABLE_TESTABILITY = YES;
				GCC_C_LANGUAGE_STANDARD = gnu11;
				GCC_DYNAMIC_NO_PIC = NO;
				GCC_NO_COMMON_BLOCKS = YES;
				GCC_OPTIMIZATION_LEVEL = 0;
				GCC_PREPROCESSOR_DEFINITIONS = (
					"DEBUG=1",
					"$(inherited)",
				);
				GCC_WARN_64_TO_32_BIT_CONVERSION = YES;
				GCC_WARN_ABOUT_RETURN_TYPE = YES_ERROR;
				GCC_WARN_UNDECLARED_SELECTOR = YES;
				GCC_WARN_UNINITIALIZED_AUTOS = YES_AGGRESSIVE;
				GCC_WARN_UNUSED_FUNCTION = YES;
				GCC_WARN_UNUSED_VARIABLE = YES;
				IPHONEOS_DEPLOYMENT_TARGET = 15.5;
				MTL_ENABLE_DEBUG_INFO = INCLUDE_SOURCE;
				MTL_FAST_MATH = YES;
				ONLY_ACTIVE_ARCH = YES;
				SDKROOT = iphoneos;
				SWIFT_ACTIVE_COMPILATION_CONDITIONS = DEBUG;
				SWIFT_OPTIMIZATION_LEVEL = "-Onone";
			};
			name = Debug;
		};
		DA6587DC288D1DF700CEC85C /* Release */ = {
			isa = XCBuildConfiguration;
			buildSettings = {
				ALWAYS_SEARCH_USER_PATHS = NO;
				CLANG_ANALYZER_NONNULL = YES;
				CLANG_ANALYZER_NUMBER_OBJECT_CONVERSION = YES_AGGRESSIVE;
				CLANG_CXX_LANGUAGE_STANDARD = "gnu++17";
				CLANG_ENABLE_MODULES = YES;
				CLANG_ENABLE_OBJC_ARC = YES;
				CLANG_ENABLE_OBJC_WEAK = YES;
				CLANG_WARN_BLOCK_CAPTURE_AUTORELEASING = YES;
				CLANG_WARN_BOOL_CONVERSION = YES;
				CLANG_WARN_COMMA = YES;
				CLANG_WARN_CONSTANT_CONVERSION = YES;
				CLANG_WARN_DEPRECATED_OBJC_IMPLEMENTATIONS = YES;
				CLANG_WARN_DIRECT_OBJC_ISA_USAGE = YES_ERROR;
				CLANG_WARN_DOCUMENTATION_COMMENTS = YES;
				CLANG_WARN_EMPTY_BODY = YES;
				CLANG_WARN_ENUM_CONVERSION = YES;
				CLANG_WARN_INFINITE_RECURSION = YES;
				CLANG_WARN_INT_CONVERSION = YES;
				CLANG_WARN_NON_LITERAL_NULL_CONVERSION = YES;
				CLANG_WARN_OBJC_IMPLICIT_RETAIN_SELF = YES;
				CLANG_WARN_OBJC_LITERAL_CONVERSION = YES;
				CLANG_WARN_OBJC_ROOT_CLASS = YES_ERROR;
				CLANG_WARN_QUOTED_INCLUDE_IN_FRAMEWORK_HEADER = YES;
				CLANG_WARN_RANGE_LOOP_ANALYSIS = YES;
				CLANG_WARN_STRICT_PROTOTYPES = YES;
				CLANG_WARN_SUSPICIOUS_MOVE = YES;
				CLANG_WARN_UNGUARDED_AVAILABILITY = YES_AGGRESSIVE;
				CLANG_WARN_UNREACHABLE_CODE = YES;
				CLANG_WARN__DUPLICATE_METHOD_MATCH = YES;
				COPY_PHASE_STRIP = NO;
				DEBUG_INFORMATION_FORMAT = "dwarf-with-dsym";
				ENABLE_NS_ASSERTIONS = NO;
				ENABLE_STRICT_OBJC_MSGSEND = YES;
				GCC_C_LANGUAGE_STANDARD = gnu11;
				GCC_NO_COMMON_BLOCKS = YES;
				GCC_WARN_64_TO_32_BIT_CONVERSION = YES;
				GCC_WARN_ABOUT_RETURN_TYPE = YES_ERROR;
				GCC_WARN_UNDECLARED_SELECTOR = YES;
				GCC_WARN_UNINITIALIZED_AUTOS = YES_AGGRESSIVE;
				GCC_WARN_UNUSED_FUNCTION = YES;
				GCC_WARN_UNUSED_VARIABLE = YES;
				IPHONEOS_DEPLOYMENT_TARGET = 15.5;
				MTL_ENABLE_DEBUG_INFO = NO;
				MTL_FAST_MATH = YES;
				SDKROOT = iphoneos;
				SWIFT_COMPILATION_MODE = wholemodule;
				SWIFT_OPTIMIZATION_LEVEL = "-O";
				VALIDATE_PRODUCT = YES;
			};
			name = Release;
		};
		DA6587DE288D1DF700CEC85C /* Debug */ = {
			isa = XCBuildConfiguration;
			buildSettings = {
				ASSETCATALOG_COMPILER_APPICON_NAME = AppIcon;
				ASSETCATALOG_COMPILER_GLOBAL_ACCENT_COLOR_NAME = AccentColor;
				CODE_SIGN_IDENTITY = "Apple Development";
				CODE_SIGN_STYLE = Automatic;
				CURRENT_PROJECT_VERSION = 1;
				DEVELOPMENT_TEAM = P8B4KNJK7X;
				GENERATE_INFOPLIST_FILE = YES;
				INFOPLIST_FILE = PhotosCollection/Info.plist;
				INFOPLIST_KEY_UIApplicationSupportsIndirectInputEvents = YES;
				INFOPLIST_KEY_UILaunchStoryboardName = LaunchScreen;
				INFOPLIST_KEY_UIMainStoryboardFile = Main;
				INFOPLIST_KEY_UISupportedInterfaceOrientations_iPad = "UIInterfaceOrientationPortrait UIInterfaceOrientationPortraitUpsideDown UIInterfaceOrientationLandscapeLeft UIInterfaceOrientationLandscapeRight";
				INFOPLIST_KEY_UISupportedInterfaceOrientations_iPhone = "UIInterfaceOrientationPortrait UIInterfaceOrientationLandscapeLeft UIInterfaceOrientationLandscapeRight";
				LD_RUNPATH_SEARCH_PATHS = (
					"$(inherited)",
					"@executable_path/Frameworks",
				);
				MARKETING_VERSION = 1.0;
				PRODUCT_BUNDLE_IDENTIFIER = ru.hdmast.PhotosCollection1;
				PRODUCT_NAME = "$(TARGET_NAME)";
				PROVISIONING_PROFILE_SPECIFIER = "";
				SWIFT_EMIT_LOC_STRINGS = YES;
				SWIFT_VERSION = 5.0;
				TARGETED_DEVICE_FAMILY = "1,2";
			};
			name = Debug;
		};
		DA6587DF288D1DF700CEC85C /* Release */ = {
			isa = XCBuildConfiguration;
			buildSettings = {
				ASSETCATALOG_COMPILER_APPICON_NAME = AppIcon;
				ASSETCATALOG_COMPILER_GLOBAL_ACCENT_COLOR_NAME = AccentColor;
				CODE_SIGN_IDENTITY = "Apple Development";
				CODE_SIGN_STYLE = Automatic;
				CURRENT_PROJECT_VERSION = 1;
				DEVELOPMENT_TEAM = P8B4KNJK7X;
				GENERATE_INFOPLIST_FILE = YES;
				INFOPLIST_FILE = PhotosCollection/Info.plist;
				INFOPLIST_KEY_UIApplicationSupportsIndirectInputEvents = YES;
				INFOPLIST_KEY_UILaunchStoryboardName = LaunchScreen;
				INFOPLIST_KEY_UIMainStoryboardFile = Main;
				INFOPLIST_KEY_UISupportedInterfaceOrientations_iPad = "UIInterfaceOrientationPortrait UIInterfaceOrientationPortraitUpsideDown UIInterfaceOrientationLandscapeLeft UIInterfaceOrientationLandscapeRight";
				INFOPLIST_KEY_UISupportedInterfaceOrientations_iPhone = "UIInterfaceOrientationPortrait UIInterfaceOrientationLandscapeLeft UIInterfaceOrientationLandscapeRight";
				LD_RUNPATH_SEARCH_PATHS = (
					"$(inherited)",
					"@executable_path/Frameworks",
				);
				MARKETING_VERSION = 1.0;
				PRODUCT_BUNDLE_IDENTIFIER = ru.hdmast.PhotosCollection1;
				PRODUCT_NAME = "$(TARGET_NAME)";
				PROVISIONING_PROFILE_SPECIFIER = "";
				SWIFT_EMIT_LOC_STRINGS = YES;
				SWIFT_VERSION = 5.0;
				TARGETED_DEVICE_FAMILY = "1,2";
			};
			name = Release;
		};
		DA6587E1288D1DF700CEC85C /* Debug */ = {
			isa = XCBuildConfiguration;
			buildSettings = {
				ALWAYS_EMBED_SWIFT_STANDARD_LIBRARIES = YES;
				BUNDLE_LOADER = "$(TEST_HOST)";
				CODE_SIGN_STYLE = Automatic;
				CURRENT_PROJECT_VERSION = 1;
				DEVELOPMENT_TEAM = LQGCRTGA9G;
				GENERATE_INFOPLIST_FILE = YES;
				IPHONEOS_DEPLOYMENT_TARGET = 15.5;
				MARKETING_VERSION = 1.0;
				PRODUCT_BUNDLE_IDENTIFIER = ru.hdmast.PhotosCollectionTests;
				PRODUCT_NAME = "$(TARGET_NAME)";
				SWIFT_EMIT_LOC_STRINGS = NO;
				SWIFT_VERSION = 5.0;
				TARGETED_DEVICE_FAMILY = "1,2";
				TEST_HOST = "$(BUILT_PRODUCTS_DIR)/PhotosCollection.app/PhotosCollection";
			};
			name = Debug;
		};
		DA6587E2288D1DF700CEC85C /* Release */ = {
			isa = XCBuildConfiguration;
			buildSettings = {
				ALWAYS_EMBED_SWIFT_STANDARD_LIBRARIES = YES;
				BUNDLE_LOADER = "$(TEST_HOST)";
				CODE_SIGN_STYLE = Automatic;
				CURRENT_PROJECT_VERSION = 1;
				DEVELOPMENT_TEAM = LQGCRTGA9G;
				GENERATE_INFOPLIST_FILE = YES;
				IPHONEOS_DEPLOYMENT_TARGET = 15.5;
				MARKETING_VERSION = 1.0;
				PRODUCT_BUNDLE_IDENTIFIER = ru.hdmast.PhotosCollectionTests;
				PRODUCT_NAME = "$(TARGET_NAME)";
				SWIFT_EMIT_LOC_STRINGS = NO;
				SWIFT_VERSION = 5.0;
				TARGETED_DEVICE_FAMILY = "1,2";
				TEST_HOST = "$(BUILT_PRODUCTS_DIR)/PhotosCollection.app/PhotosCollection";
			};
			name = Release;
		};
		DA6587E4288D1DF700CEC85C /* Debug */ = {
			isa = XCBuildConfiguration;
			buildSettings = {
				ALWAYS_EMBED_SWIFT_STANDARD_LIBRARIES = YES;
				CODE_SIGN_STYLE = Automatic;
				CURRENT_PROJECT_VERSION = 1;
				DEVELOPMENT_TEAM = LQGCRTGA9G;
				GENERATE_INFOPLIST_FILE = YES;
				MARKETING_VERSION = 1.0;
				PRODUCT_BUNDLE_IDENTIFIER = ru.hdmast.PhotosCollectionUITests;
				PRODUCT_NAME = "$(TARGET_NAME)";
				SWIFT_EMIT_LOC_STRINGS = NO;
				SWIFT_VERSION = 5.0;
				TARGETED_DEVICE_FAMILY = "1,2";
				TEST_TARGET_NAME = PhotosCollection;
			};
			name = Debug;
		};
		DA6587E5288D1DF700CEC85C /* Release */ = {
			isa = XCBuildConfiguration;
			buildSettings = {
				ALWAYS_EMBED_SWIFT_STANDARD_LIBRARIES = YES;
				CODE_SIGN_STYLE = Automatic;
				CURRENT_PROJECT_VERSION = 1;
				DEVELOPMENT_TEAM = LQGCRTGA9G;
				GENERATE_INFOPLIST_FILE = YES;
				MARKETING_VERSION = 1.0;
				PRODUCT_BUNDLE_IDENTIFIER = ru.hdmast.PhotosCollectionUITests;
				PRODUCT_NAME = "$(TARGET_NAME)";
				SWIFT_EMIT_LOC_STRINGS = NO;
				SWIFT_VERSION = 5.0;
				TARGETED_DEVICE_FAMILY = "1,2";
				TEST_TARGET_NAME = PhotosCollection;
			};
			name = Release;
		};
/* End XCBuildConfiguration section */

/* Begin XCConfigurationList section */
		DA6587AE288D1DF600CEC85C /* Build configuration list for PBXProject "PhotosCollection" */ = {
			isa = XCConfigurationList;
			buildConfigurations = (
				DA6587DB288D1DF700CEC85C /* Debug */,
				DA6587DC288D1DF700CEC85C /* Release */,
			);
			defaultConfigurationIsVisible = 0;
			defaultConfigurationName = Release;
		};
		DA6587DD288D1DF700CEC85C /* Build configuration list for PBXNativeTarget "PhotosCollection" */ = {
			isa = XCConfigurationList;
			buildConfigurations = (
				DA6587DE288D1DF700CEC85C /* Debug */,
				DA6587DF288D1DF700CEC85C /* Release */,
			);
			defaultConfigurationIsVisible = 0;
			defaultConfigurationName = Release;
		};
		DA6587E0288D1DF700CEC85C /* Build configuration list for PBXNativeTarget "PhotosCollectionTests" */ = {
			isa = XCConfigurationList;
			buildConfigurations = (
				DA6587E1288D1DF700CEC85C /* Debug */,
				DA6587E2288D1DF700CEC85C /* Release */,
			);
			defaultConfigurationIsVisible = 0;
			defaultConfigurationName = Release;
		};
		DA6587E3288D1DF700CEC85C /* Build configuration list for PBXNativeTarget "PhotosCollectionUITests" */ = {
			isa = XCConfigurationList;
			buildConfigurations = (
				DA6587E4288D1DF700CEC85C /* Debug */,
				DA6587E5288D1DF700CEC85C /* Release */,
			);
			defaultConfigurationIsVisible = 0;
			defaultConfigurationName = Release;
		};
/* End XCConfigurationList section */
	};
	rootObject = DA6587AB288D1DF600CEC85C /* Project object */;
}
